
Microsoft Visual Studio Solution File, Format Version 12.00
# Visual Studio 15
VisualStudioVersion = 15.0.27703.2026
MinimumVisualStudioVersion = 10.0.40219.1
Project("{FAE04EC0-301F-11D3-BF4B-00C04F79EFBC}") = "JKBlog.Web", "JKBlog.Web\JKBlog.Web.csproj", "{99CE11E6-4DFE-4971-A961-9376064A6D59}"
EndProject
Global
	GlobalSection(SolutionConfigurationPlatforms) = preSolution
		Debug|Any CPU = Debug|Any CPU
		Release|Any CPU = Release|Any CPU
	EndGlobalSection
	GlobalSection(ProjectConfigurationPlatforms) = postSolution
		{99CE11E6-4DFE-4971-A961-9376064A6D59}.Debug|Any CPU.ActiveCfg = Debug|Any CPU
		{99CE11E6-4DFE-4971-A961-9376064A6D59}.Debug|Any CPU.Build.0 = Debug|Any CPU
		{99CE11E6-4DFE-4971-A961-9376064A6D59}.Release|Any CPU.ActiveCfg = Release|Any CPU
		{99CE11E6-4DFE-4971-A961-9376064A6D59}.Release|Any CPU.Build.0 = Release|Any CPU
	EndGlobalSection
	GlobalSection(SolutionProperties) = preSolution
		HideSolutionNode = FALSE
	EndGlobalSection
	GlobalSection(ExtensibilityGlobals) = postSolution
		SolutionGuid = {8AC42100-4300-4ADB-8FC0-C45406A994FF}
	EndGlobalSection
EndGlobal
