
Microsoft Visual Studio Solution File, Format Version 12.00
# Visual Studio 14
VisualStudioVersion = 14.0.25123.0
MinimumVisualStudioVersion = 10.0.40219.1
Project("{FAE04EC0-301F-11D3-BF4B-00C04F79EFBC}") = "Lab10", "Lab10\Lab10.csproj", "{5F5AE9A8-6F26-47CB-9D0B-66BCE6AC6F76}"
EndProject
Project("{FAE04EC0-301F-11D3-BF4B-00C04F79EFBC}") = "TestConsoleProject", "TestConsoleProject\TestConsoleProject.csproj", "{5A080FFA-BCF5-4184-8281-098C48A88382}"
EndProject
Global
	GlobalSection(SolutionConfigurationPlatforms) = preSolution
		Debug|Any CPU = Debug|Any CPU
		Release|Any CPU = Release|Any CPU
	EndGlobalSection
	GlobalSection(ProjectConfigurationPlatforms) = postSolution
		{5F5AE9A8-6F26-47CB-9D0B-66BCE6AC6F76}.Debug|Any CPU.ActiveCfg = Debug|Any CPU
		{5F5AE9A8-6F26-47CB-9D0B-66BCE6AC6F76}.Debug|Any CPU.Build.0 = Debug|Any CPU
		{5F5AE9A8-6F26-47CB-9D0B-66BCE6AC6F76}.Release|Any CPU.ActiveCfg = Release|Any CPU
		{5F5AE9A8-6F26-47CB-9D0B-66BCE6AC6F76}.Release|Any CPU.Build.0 = Release|Any CPU
		{5A080FFA-BCF5-4184-8281-098C48A88382}.Debug|Any CPU.ActiveCfg = Debug|Any CPU
		{5A080FFA-BCF5-4184-8281-098C48A88382}.Debug|Any CPU.Build.0 = Debug|Any CPU
		{5A080FFA-BCF5-4184-8281-098C48A88382}.Release|Any CPU.ActiveCfg = Release|Any CPU
		{5A080FFA-BCF5-4184-8281-098C48A88382}.Release|Any CPU.Build.0 = Release|Any CPU
	EndGlobalSection
	GlobalSection(SolutionProperties) = preSolution
		HideSolutionNode = FALSE
	EndGlobalSection
EndGlobal
