
Microsoft Visual Studio Solution File, Format Version 12.00
# Visual Studio 15
VisualStudioVersion = 15.0.28010.2026
MinimumVisualStudioVersion = 10.0.40219.1
Project("{FAE04EC0-301F-11D3-BF4B-00C04F79EFBC}") = "Special Palindrome Again", "Special Palindrome Again\Special Palindrome Again.csproj", "{77F4608A-F313-4AB2-B612-F2FA992ADFCF}"
EndProject
Global
	GlobalSection(SolutionConfigurationPlatforms) = preSolution
		Debug|Any CPU = Debug|Any CPU
		Release|Any CPU = Release|Any CPU
	EndGlobalSection
	GlobalSection(ProjectConfigurationPlatforms) = postSolution
		{77F4608A-F313-4AB2-B612-F2FA992ADFCF}.Debug|Any CPU.ActiveCfg = Debug|Any CPU
		{77F4608A-F313-4AB2-B612-F2FA992ADFCF}.Debug|Any CPU.Build.0 = Debug|Any CPU
		{77F4608A-F313-4AB2-B612-F2FA992ADFCF}.Release|Any CPU.ActiveCfg = Release|Any CPU
		{77F4608A-F313-4AB2-B612-F2FA992ADFCF}.Release|Any CPU.Build.0 = Release|Any CPU
	EndGlobalSection
	GlobalSection(SolutionProperties) = preSolution
		HideSolutionNode = FALSE
	EndGlobalSection
	GlobalSection(ExtensibilityGlobals) = postSolution
		SolutionGuid = {7524598D-746B-4A24-A82D-D622DF2D79C3}
	EndGlobalSection
EndGlobal
