
Microsoft Visual Studio Solution File, Format Version 12.00
# Visual Studio 15
VisualStudioVersion = 15.0.27004.2009
MinimumVisualStudioVersion = 10.0.40219.1
Project("{FAE04EC0-301F-11D3-BF4B-00C04F79EFBC}") = "JKBlog", "JKBlog\JKBlog.csproj", "{8CEC90E3-8E28-4862-B05B-D3C5A1AAEDE7}"
EndProject
Global
	GlobalSection(SolutionConfigurationPlatforms) = preSolution
		Debug|Any CPU = Debug|Any CPU
		Release|Any CPU = Release|Any CPU
	EndGlobalSection
	GlobalSection(ProjectConfigurationPlatforms) = postSolution
		{8CEC90E3-8E28-4862-B05B-D3C5A1AAEDE7}.Debug|Any CPU.ActiveCfg = Debug|Any CPU
		{8CEC90E3-8E28-4862-B05B-D3C5A1AAEDE7}.Debug|Any CPU.Build.0 = Debug|Any CPU
		{8CEC90E3-8E28-4862-B05B-D3C5A1AAEDE7}.Release|Any CPU.ActiveCfg = Release|Any CPU
		{8CEC90E3-8E28-4862-B05B-D3C5A1AAEDE7}.Release|Any CPU.Build.0 = Release|Any CPU
	EndGlobalSection
	GlobalSection(SolutionProperties) = preSolution
		HideSolutionNode = FALSE
	EndGlobalSection
	GlobalSection(ExtensibilityGlobals) = postSolution
		SolutionGuid = {DEF97AC2-7DE5-4EFA-9AFE-307D4F18AF1F}
	EndGlobalSection
EndGlobal
