
Microsoft Visual Studio Solution File, Format Version 12.00
# Visual Studio 15
VisualStudioVersion = 15.0.26430.15
MinimumVisualStudioVersion = 10.0.40219.1
Project("{FAE04EC0-301F-11D3-BF4B-00C04F79EFBC}") = "Sherlock and Cost", "Sherlock and Cost\Sherlock and Cost.csproj", "{36F7A9CB-F049-495C-9FFB-95B5B168803D}"
EndProject
Global
	GlobalSection(SolutionConfigurationPlatforms) = preSolution
		Debug|Any CPU = Debug|Any CPU
		Release|Any CPU = Release|Any CPU
	EndGlobalSection
	GlobalSection(ProjectConfigurationPlatforms) = postSolution
		{36F7A9CB-F049-495C-9FFB-95B5B168803D}.Debug|Any CPU.ActiveCfg = Debug|Any CPU
		{36F7A9CB-F049-495C-9FFB-95B5B168803D}.Debug|Any CPU.Build.0 = Debug|Any CPU
		{36F7A9CB-F049-495C-9FFB-95B5B168803D}.Release|Any CPU.ActiveCfg = Release|Any CPU
		{36F7A9CB-F049-495C-9FFB-95B5B168803D}.Release|Any CPU.Build.0 = Release|Any CPU
	EndGlobalSection
	GlobalSection(SolutionProperties) = preSolution
		HideSolutionNode = FALSE
	EndGlobalSection
EndGlobal
